// !$*UTF8*$!
{
	archiveVersion = 1;
	classes = {
	};
	objectVersion = 51;
	objects = {

/* Begin PBXBuildFile section */
		022FC31D927930B1291D7D00 /* Pods_Nasa.framework in Frameworks */ = {isa = PBXBuildFile; fileRef = 9B93223F4411FF2A9B8617C6 /* Pods_Nasa.framework */; };
		0A00A6A924B0C9FD00AD0F73 /* Services.swift in Sources */ = {isa = PBXBuildFile; fileRef = 0A00A6A824B0C9FD00AD0F73 /* Services.swift */; };
		0A50C65324AEA050005DE707 /* Detail.swift in Sources */ = {isa = PBXBuildFile; fileRef = 0A50C65224AEA050005DE707 /* Detail.swift */; };
		0A50C65724AEA414005DE707 /* DetailViewDelegate.swift in Sources */ = {isa = PBXBuildFile; fileRef = 0A50C65624AEA414005DE707 /* DetailViewDelegate.swift */; };
		0AA49F5024AC340100E234D6 /* AppDelegate.swift in Sources */ = {isa = PBXBuildFile; fileRef = 0AA49F4F24AC340100E234D6 /* AppDelegate.swift */; };
		0AA49F5224AC340100E234D6 /* SceneDelegate.swift in Sources */ = {isa = PBXBuildFile; fileRef = 0AA49F5124AC340100E234D6 /* SceneDelegate.swift */; };
		0AA49F5624AC340600E234D6 /* Assets.xcassets in Resources */ = {isa = PBXBuildFile; fileRef = 0AA49F5524AC340600E234D6 /* Assets.xcassets */; };
		0AA49F5924AC340600E234D6 /* Preview Assets.xcassets in Resources */ = {isa = PBXBuildFile; fileRef = 0AA49F5824AC340600E234D6 /* Preview Assets.xcassets */; };
		0AA49F5C24AC340600E234D6 /* LaunchScreen.storyboard in Resources */ = {isa = PBXBuildFile; fileRef = 0AA49F5A24AC340600E234D6 /* LaunchScreen.storyboard */; };
		0AA49F6724AC340700E234D6 /* NasaTests.swift in Sources */ = {isa = PBXBuildFile; fileRef = 0AA49F6624AC340700E234D6 /* NasaTests.swift */; };
		0AA49F7224AC340700E234D6 /* NasaUITests.swift in Sources */ = {isa = PBXBuildFile; fileRef = 0AA49F7124AC340700E234D6 /* NasaUITests.swift */; };
		0AA49F8024AC367F00E234D6 /* .gitignore in Resources */ = {isa = PBXBuildFile; fileRef = 0AA49F7F24AC367F00E234D6 /* .gitignore */; };
		0AA49F9524AC44C500E234D6 /* DetailViewController.swift in Sources */ = {isa = PBXBuildFile; fileRef = 0AA49F9424AC44C500E234D6 /* DetailViewController.swift */; };
		0AA49FA024AC59E600E234D6 /* ViewConfiguration.swift in Sources */ = {isa = PBXBuildFile; fileRef = 0AA49F9F24AC59E600E234D6 /* ViewConfiguration.swift */; };
		0AA49FA424AC649500E234D6 /* Copies.strings in Resources */ = {isa = PBXBuildFile; fileRef = 0AA49FA324AC649500E234D6 /* Copies.strings */; };
		0AA924CA24B2632E00A617F6 /* DetailView.swift in Sources */ = {isa = PBXBuildFile; fileRef = 0AA924C924B2632E00A617F6 /* DetailView.swift */; };
		0AA924CC24B2669100A617F6 /* TittleHeaderView.swift in Sources */ = {isa = PBXBuildFile; fileRef = 0AA924CB24B2669100A617F6 /* TittleHeaderView.swift */; };
		0AA924CE24B26E1D00A617F6 /* DetailTableView.swift in Sources */ = {isa = PBXBuildFile; fileRef = 0AA924CD24B26E1D00A617F6 /* DetailTableView.swift */; };
		0AA924D024B26FA600A617F6 /* DetailTableViewCell.swift in Sources */ = {isa = PBXBuildFile; fileRef = 0AA924CF24B26FA600A617F6 /* DetailTableViewCell.swift */; };
		39FE1A8C529BD933E0FE03D0 /* Pods_Nasa_NasaUITests.framework in Frameworks */ = {isa = PBXBuildFile; fileRef = 6A161682E8F611B19CBD5106 /* Pods_Nasa_NasaUITests.framework */; };
		848ACCB1F98B8603D1CFDF08 /* Pods_NasaTests.framework in Frameworks */ = {isa = PBXBuildFile; fileRef = 9DBA5EFCEB09497D323B74E6 /* Pods_NasaTests.framework */; };
/* End PBXBuildFile section */

/* Begin PBXContainerItemProxy section */
		0AA49F6324AC340700E234D6 /* PBXContainerItemProxy */ = {
			isa = PBXContainerItemProxy;
			containerPortal = 0AA49F4424AC340100E234D6 /* Project object */;
			proxyType = 1;
			remoteGlobalIDString = 0AA49F4B24AC340100E234D6;
			remoteInfo = Nasa;
		};
		0AA49F6E24AC340700E234D6 /* PBXContainerItemProxy */ = {
			isa = PBXContainerItemProxy;
			containerPortal = 0AA49F4424AC340100E234D6 /* Project object */;
			proxyType = 1;
			remoteGlobalIDString = 0AA49F4B24AC340100E234D6;
			remoteInfo = Nasa;
		};
/* End PBXContainerItemProxy section */

/* Begin PBXFileReference section */
		0A00A6A824B0C9FD00AD0F73 /* Services.swift */ = {isa = PBXFileReference; lastKnownFileType = sourcecode.swift; path = Services.swift; sourceTree = "<group>"; };
		0A50C65224AEA050005DE707 /* Detail.swift */ = {isa = PBXFileReference; lastKnownFileType = sourcecode.swift; path = Detail.swift; sourceTree = "<group>"; };
		0A50C65624AEA414005DE707 /* DetailViewDelegate.swift */ = {isa = PBXFileReference; lastKnownFileType = sourcecode.swift; path = DetailViewDelegate.swift; sourceTree = "<group>"; };
		0AA49F4C24AC340100E234D6 /* Nasa.app */ = {isa = PBXFileReference; explicitFileType = wrapper.application; includeInIndex = 0; path = Nasa.app; sourceTree = BUILT_PRODUCTS_DIR; };
		0AA49F4F24AC340100E234D6 /* AppDelegate.swift */ = {isa = PBXFileReference; lastKnownFileType = sourcecode.swift; path = AppDelegate.swift; sourceTree = "<group>"; };
		0AA49F5124AC340100E234D6 /* SceneDelegate.swift */ = {isa = PBXFileReference; lastKnownFileType = sourcecode.swift; path = SceneDelegate.swift; sourceTree = "<group>"; };
		0AA49F5524AC340600E234D6 /* Assets.xcassets */ = {isa = PBXFileReference; lastKnownFileType = folder.assetcatalog; path = Assets.xcassets; sourceTree = "<group>"; };
		0AA49F5824AC340600E234D6 /* Preview Assets.xcassets */ = {isa = PBXFileReference; lastKnownFileType = folder.assetcatalog; path = "Preview Assets.xcassets"; sourceTree = "<group>"; };
		0AA49F5B24AC340600E234D6 /* Base */ = {isa = PBXFileReference; lastKnownFileType = file.storyboard; name = Base; path = Base.lproj/LaunchScreen.storyboard; sourceTree = "<group>"; };
		0AA49F5D24AC340600E234D6 /* Info.plist */ = {isa = PBXFileReference; lastKnownFileType = text.plist.xml; path = Info.plist; sourceTree = "<group>"; };
		0AA49F6224AC340700E234D6 /* NasaTests.xctest */ = {isa = PBXFileReference; explicitFileType = wrapper.cfbundle; includeInIndex = 0; path = NasaTests.xctest; sourceTree = BUILT_PRODUCTS_DIR; };
		0AA49F6624AC340700E234D6 /* NasaTests.swift */ = {isa = PBXFileReference; lastKnownFileType = sourcecode.swift; path = NasaTests.swift; sourceTree = "<group>"; };
		0AA49F6824AC340700E234D6 /* Info.plist */ = {isa = PBXFileReference; lastKnownFileType = text.plist.xml; path = Info.plist; sourceTree = "<group>"; };
		0AA49F6D24AC340700E234D6 /* NasaUITests.xctest */ = {isa = PBXFileReference; explicitFileType = wrapper.cfbundle; includeInIndex = 0; path = NasaUITests.xctest; sourceTree = BUILT_PRODUCTS_DIR; };
		0AA49F7124AC340700E234D6 /* NasaUITests.swift */ = {isa = PBXFileReference; lastKnownFileType = sourcecode.swift; path = NasaUITests.swift; sourceTree = "<group>"; };
		0AA49F7324AC340700E234D6 /* Info.plist */ = {isa = PBXFileReference; lastKnownFileType = text.plist.xml; path = Info.plist; sourceTree = "<group>"; };
		0AA49F7F24AC367F00E234D6 /* .gitignore */ = {isa = PBXFileReference; lastKnownFileType = text; path = .gitignore; sourceTree = "<group>"; };
		0AA49F9424AC44C500E234D6 /* DetailViewController.swift */ = {isa = PBXFileReference; lastKnownFileType = sourcecode.swift; path = DetailViewController.swift; sourceTree = "<group>"; };
		0AA49F9F24AC59E600E234D6 /* ViewConfiguration.swift */ = {isa = PBXFileReference; lastKnownFileType = sourcecode.swift; path = ViewConfiguration.swift; sourceTree = "<group>"; };
		0AA49FA324AC649500E234D6 /* Copies.strings */ = {isa = PBXFileReference; lastKnownFileType = text.plist.strings; path = Copies.strings; sourceTree = "<group>"; };
		0AA924C924B2632E00A617F6 /* DetailView.swift */ = {isa = PBXFileReference; lastKnownFileType = sourcecode.swift; path = DetailView.swift; sourceTree = "<group>"; };
		0AA924CB24B2669100A617F6 /* TittleHeaderView.swift */ = {isa = PBXFileReference; lastKnownFileType = sourcecode.swift; path = TittleHeaderView.swift; sourceTree = "<group>"; };
		0AA924CD24B26E1D00A617F6 /* DetailTableView.swift */ = {isa = PBXFileReference; lastKnownFileType = sourcecode.swift; path = DetailTableView.swift; sourceTree = "<group>"; };
		0AA924CF24B26FA600A617F6 /* DetailTableViewCell.swift */ = {isa = PBXFileReference; lastKnownFileType = sourcecode.swift; path = DetailTableViewCell.swift; sourceTree = "<group>"; };
		1E0F15338C4151BAFFD0CD2B /* Pods-Nasa-NasaUITests.debug.xcconfig */ = {isa = PBXFileReference; includeInIndex = 1; lastKnownFileType = text.xcconfig; name = "Pods-Nasa-NasaUITests.debug.xcconfig"; path = "Target Support Files/Pods-Nasa-NasaUITests/Pods-Nasa-NasaUITests.debug.xcconfig"; sourceTree = "<group>"; };
		644FCA04416F85BD6F935E78 /* Pods-Nasa.debug.xcconfig */ = {isa = PBXFileReference; includeInIndex = 1; lastKnownFileType = text.xcconfig; name = "Pods-Nasa.debug.xcconfig"; path = "Target Support Files/Pods-Nasa/Pods-Nasa.debug.xcconfig"; sourceTree = "<group>"; };
		6A161682E8F611B19CBD5106 /* Pods_Nasa_NasaUITests.framework */ = {isa = PBXFileReference; explicitFileType = wrapper.framework; includeInIndex = 0; path = Pods_Nasa_NasaUITests.framework; sourceTree = BUILT_PRODUCTS_DIR; };
		832838CC1D88E44FA44F4888 /* Pods-NasaTests.debug.xcconfig */ = {isa = PBXFileReference; includeInIndex = 1; lastKnownFileType = text.xcconfig; name = "Pods-NasaTests.debug.xcconfig"; path = "Target Support Files/Pods-NasaTests/Pods-NasaTests.debug.xcconfig"; sourceTree = "<group>"; };
		966DDA810F20B9F756D01588 /* Pods-Nasa.release.xcconfig */ = {isa = PBXFileReference; includeInIndex = 1; lastKnownFileType = text.xcconfig; name = "Pods-Nasa.release.xcconfig"; path = "Target Support Files/Pods-Nasa/Pods-Nasa.release.xcconfig"; sourceTree = "<group>"; };
		9B93223F4411FF2A9B8617C6 /* Pods_Nasa.framework */ = {isa = PBXFileReference; explicitFileType = wrapper.framework; includeInIndex = 0; path = Pods_Nasa.framework; sourceTree = BUILT_PRODUCTS_DIR; };
		9DBA5EFCEB09497D323B74E6 /* Pods_NasaTests.framework */ = {isa = PBXFileReference; explicitFileType = wrapper.framework; includeInIndex = 0; path = Pods_NasaTests.framework; sourceTree = BUILT_PRODUCTS_DIR; };
		B932DC5ABDA4D38842D32E49 /* Pods-Nasa-NasaUITests.release.xcconfig */ = {isa = PBXFileReference; includeInIndex = 1; lastKnownFileType = text.xcconfig; name = "Pods-Nasa-NasaUITests.release.xcconfig"; path = "Target Support Files/Pods-Nasa-NasaUITests/Pods-Nasa-NasaUITests.release.xcconfig"; sourceTree = "<group>"; };
		CEBF299FA4F474D508055D13 /* Pods-NasaTests.release.xcconfig */ = {isa = PBXFileReference; includeInIndex = 1; lastKnownFileType = text.xcconfig; name = "Pods-NasaTests.release.xcconfig"; path = "Target Support Files/Pods-NasaTests/Pods-NasaTests.release.xcconfig"; sourceTree = "<group>"; };
/* End PBXFileReference section */

/* Begin PBXFrameworksBuildPhase section */
		0AA49F4924AC340100E234D6 /* Frameworks */ = {
			isa = PBXFrameworksBuildPhase;
			buildActionMask = 2147483647;
			files = (
				022FC31D927930B1291D7D00 /* Pods_Nasa.framework in Frameworks */,
			);
			runOnlyForDeploymentPostprocessing = 0;
		};
		0AA49F5F24AC340700E234D6 /* Frameworks */ = {
			isa = PBXFrameworksBuildPhase;
			buildActionMask = 2147483647;
			files = (
				848ACCB1F98B8603D1CFDF08 /* Pods_NasaTests.framework in Frameworks */,
			);
			runOnlyForDeploymentPostprocessing = 0;
		};
		0AA49F6A24AC340700E234D6 /* Frameworks */ = {
			isa = PBXFrameworksBuildPhase;
			buildActionMask = 2147483647;
			files = (
				39FE1A8C529BD933E0FE03D0 /* Pods_Nasa_NasaUITests.framework in Frameworks */,
			);
			runOnlyForDeploymentPostprocessing = 0;
		};
/* End PBXFrameworksBuildPhase section */

/* Begin PBXGroup section */
		0A00A6A724B0C9D700AD0F73 /* Services */ = {
			isa = PBXGroup;
			children = (
				0A00A6A824B0C9FD00AD0F73 /* Services.swift */,
			);
			name = Services;
			sourceTree = "<group>";
		};
		0A50C65124AEA001005DE707 /* Model */ = {
			isa = PBXGroup;
			children = (
				0A50C65224AEA050005DE707 /* Detail.swift */,
			);
			name = Model;
			sourceTree = "<group>";
		};
		0AA49F4324AC340100E234D6 = {
			isa = PBXGroup;
			children = (
				0AA49F7F24AC367F00E234D6 /* .gitignore */,
				0AA49F4E24AC340100E234D6 /* Nasa */,
				0AA49F6524AC340700E234D6 /* NasaTests */,
				0AA49F7024AC340700E234D6 /* NasaUITests */,
				0AA49F4D24AC340100E234D6 /* Products */,
				F8FB832AB8CBC6CBB0FA7A0A /* Pods */,
				80189D90FA82DD38543D380B /* Frameworks */,
			);
			sourceTree = "<group>";
		};
		0AA49F4D24AC340100E234D6 /* Products */ = {
			isa = PBXGroup;
			children = (
				0AA49F4C24AC340100E234D6 /* Nasa.app */,
				0AA49F6224AC340700E234D6 /* NasaTests.xctest */,
				0AA49F6D24AC340700E234D6 /* NasaUITests.xctest */,
			);
			name = Products;
			sourceTree = "<group>";
		};
		0AA49F4E24AC340100E234D6 /* Nasa */ = {
			isa = PBXGroup;
			children = (
				0AA49F8A24AC417B00E234D6 /* feature */,
				0AA49F5524AC340600E234D6 /* Assets.xcassets */,
				0AA49F5A24AC340600E234D6 /* LaunchScreen.storyboard */,
				0AA49F5D24AC340600E234D6 /* Info.plist */,
				0AA49F5724AC340600E234D6 /* Preview Content */,
			);
			path = Nasa;
			sourceTree = "<group>";
		};
		0AA49F5724AC340600E234D6 /* Preview Content */ = {
			isa = PBXGroup;
			children = (
				0AA49F5824AC340600E234D6 /* Preview Assets.xcassets */,
			);
			path = "Preview Content";
			sourceTree = "<group>";
		};
		0AA49F6524AC340700E234D6 /* NasaTests */ = {
			isa = PBXGroup;
			children = (
				0AA49F6624AC340700E234D6 /* NasaTests.swift */,
				0AA49F6824AC340700E234D6 /* Info.plist */,
			);
			path = NasaTests;
			sourceTree = "<group>";
		};
		0AA49F7024AC340700E234D6 /* NasaUITests */ = {
			isa = PBXGroup;
			children = (
				0AA49F7124AC340700E234D6 /* NasaUITests.swift */,
				0AA49F7324AC340700E234D6 /* Info.plist */,
			);
			path = NasaUITests;
			sourceTree = "<group>";
		};
		0AA49F8A24AC417B00E234D6 /* feature */ = {
			isa = PBXGroup;
			children = (
				0AA49F9D24AC597B00E234D6 /* CoreUI */,
				0AA49F9B24AC4D5500E234D6 /* Commons */,
				0AA49F8B24AC418A00E234D6 /* Detail */,
			);
			path = feature;
			sourceTree = "<group>";
		};
		0AA49F8B24AC418A00E234D6 /* Detail */ = {
			isa = PBXGroup;
			children = (
				0AA924C424B23B5B00A617F6 /* Cell */,
				0AA924C124B23B1D00A617F6 /* Table */,
				0A00A6A724B0C9D700AD0F73 /* Services */,
				0A50C65124AEA001005DE707 /* Model */,
				0AA49F9624AC457D00E234D6 /* Delegate */,
				0AA49F9224AC43AD00E234D6 /* Controller */,
				0AA49F8F24AC422300E234D6 /* View */,
			);
			name = Detail;
			sourceTree = "<group>";
		};
		0AA49F8F24AC422300E234D6 /* View */ = {
			isa = PBXGroup;
			children = (
				0AA924C924B2632E00A617F6 /* DetailView.swift */,
				0AA924CB24B2669100A617F6 /* TittleHeaderView.swift */,
			);
			path = View;
			sourceTree = "<group>";
		};
		0AA49F9224AC43AD00E234D6 /* Controller */ = {
			isa = PBXGroup;
			children = (
				0AA49F9424AC44C500E234D6 /* DetailViewController.swift */,
			);
			name = Controller;
			sourceTree = "<group>";
		};
		0AA49F9624AC457D00E234D6 /* Delegate */ = {
			isa = PBXGroup;
			children = (
				0A50C65624AEA414005DE707 /* DetailViewDelegate.swift */,
			);
			path = Delegate;
			sourceTree = "<group>";
		};
		0AA49F9B24AC4D5500E234D6 /* Commons */ = {
			isa = PBXGroup;
			children = (
				0AA49FA124AC641B00E234D6 /* Resources */,
				0AA49F9C24AC4D6900E234D6 /* Aplication */,
			);
			path = Commons;
			sourceTree = "<group>";
		};
		0AA49F9C24AC4D6900E234D6 /* Aplication */ = {
			isa = PBXGroup;
			children = (
				0AA49F5124AC340100E234D6 /* SceneDelegate.swift */,
				0AA49F4F24AC340100E234D6 /* AppDelegate.swift */,
			);
			name = Aplication;
			sourceTree = "<group>";
		};
		0AA49F9D24AC597B00E234D6 /* CoreUI */ = {
			isa = PBXGroup;
			children = (
				0AA49F9E24AC59A800E234D6 /* Protocols */,
			);
			name = CoreUI;
			sourceTree = "<group>";
		};
		0AA49F9E24AC59A800E234D6 /* Protocols */ = {
			isa = PBXGroup;
			children = (
				0AA49F9F24AC59E600E234D6 /* ViewConfiguration.swift */,
			);
			path = Protocols;
			sourceTree = "<group>";
		};
		0AA49FA124AC641B00E234D6 /* Resources */ = {
			isa = PBXGroup;
			children = (
				0AA49FA224AC645800E234D6 /* String */,
			);
			path = Resources;
			sourceTree = "<group>";
		};
		0AA49FA224AC645800E234D6 /* String */ = {
			isa = PBXGroup;
			children = (
				0AA49FA324AC649500E234D6 /* Copies.strings */,
			);
			name = String;
			sourceTree = "<group>";
		};
		0AA924C124B23B1D00A617F6 /* Table */ = {
			isa = PBXGroup;
			children = (
				0AA924CD24B26E1D00A617F6 /* DetailTableView.swift */,
			);
			path = Table;
			sourceTree = "<group>";
		};
		0AA924C424B23B5B00A617F6 /* Cell */ = {
			isa = PBXGroup;
			children = (
				0AA924CF24B26FA600A617F6 /* DetailTableViewCell.swift */,
			);
			path = Cell;
			sourceTree = "<group>";
		};
		80189D90FA82DD38543D380B /* Frameworks */ = {
			isa = PBXGroup;
			children = (
				9B93223F4411FF2A9B8617C6 /* Pods_Nasa.framework */,
				6A161682E8F611B19CBD5106 /* Pods_Nasa_NasaUITests.framework */,
				9DBA5EFCEB09497D323B74E6 /* Pods_NasaTests.framework */,
			);
			name = Frameworks;
			sourceTree = "<group>";
		};
		F8FB832AB8CBC6CBB0FA7A0A /* Pods */ = {
			isa = PBXGroup;
			children = (
				644FCA04416F85BD6F935E78 /* Pods-Nasa.debug.xcconfig */,
				966DDA810F20B9F756D01588 /* Pods-Nasa.release.xcconfig */,
				1E0F15338C4151BAFFD0CD2B /* Pods-Nasa-NasaUITests.debug.xcconfig */,
				B932DC5ABDA4D38842D32E49 /* Pods-Nasa-NasaUITests.release.xcconfig */,
				832838CC1D88E44FA44F4888 /* Pods-NasaTests.debug.xcconfig */,
				CEBF299FA4F474D508055D13 /* Pods-NasaTests.release.xcconfig */,
			);
			path = Pods;
			sourceTree = "<group>";
		};
/* End PBXGroup section */

/* Begin PBXNativeTarget section */
		0AA49F4B24AC340100E234D6 /* Nasa */ = {
			isa = PBXNativeTarget;
			buildConfigurationList = 0AA49F7624AC340700E234D6 /* Build configuration list for PBXNativeTarget "Nasa" */;
			buildPhases = (
				3E394DA603049147878CBDB6 /* [CP] Check Pods Manifest.lock */,
				0AA49F4824AC340100E234D6 /* Sources */,
				0AA49F4924AC340100E234D6 /* Frameworks */,
				0AA49F4A24AC340100E234D6 /* Resources */,
				CDF63C6251589ACFBB819D48 /* [CP] Embed Pods Frameworks */,
			);
			buildRules = (
			);
			dependencies = (
			);
			name = Nasa;
			productName = Nasa;
			productReference = 0AA49F4C24AC340100E234D6 /* Nasa.app */;
			productType = "com.apple.product-type.application";
		};
		0AA49F6124AC340700E234D6 /* NasaTests */ = {
			isa = PBXNativeTarget;
			buildConfigurationList = 0AA49F7924AC340700E234D6 /* Build configuration list for PBXNativeTarget "NasaTests" */;
			buildPhases = (
				B29456B9FD9B2E5313C0A5DE /* [CP] Check Pods Manifest.lock */,
				0AA49F5E24AC340700E234D6 /* Sources */,
				0AA49F5F24AC340700E234D6 /* Frameworks */,
				0AA49F6024AC340700E234D6 /* Resources */,
			);
			buildRules = (
			);
			dependencies = (
				0AA49F6424AC340700E234D6 /* PBXTargetDependency */,
			);
			name = NasaTests;
			productName = NasaTests;
			productReference = 0AA49F6224AC340700E234D6 /* NasaTests.xctest */;
			productType = "com.apple.product-type.bundle.unit-test";
		};
		0AA49F6C24AC340700E234D6 /* NasaUITests */ = {
			isa = PBXNativeTarget;
			buildConfigurationList = 0AA49F7C24AC340700E234D6 /* Build configuration list for PBXNativeTarget "NasaUITests" */;
			buildPhases = (
				6FE8AADFFCCF04079A71B108 /* [CP] Check Pods Manifest.lock */,
				0AA49F6924AC340700E234D6 /* Sources */,
				0AA49F6A24AC340700E234D6 /* Frameworks */,
				0AA49F6B24AC340700E234D6 /* Resources */,
				73DAC8FD52C2C83AB81545C8 /* [CP] Embed Pods Frameworks */,
			);
			buildRules = (
			);
			dependencies = (
				0AA49F6F24AC340700E234D6 /* PBXTargetDependency */,
			);
			name = NasaUITests;
			productName = NasaUITests;
			productReference = 0AA49F6D24AC340700E234D6 /* NasaUITests.xctest */;
			productType = "com.apple.product-type.bundle.ui-testing";
		};
/* End PBXNativeTarget section */

/* Begin PBXProject section */
		0AA49F4424AC340100E234D6 /* Project object */ = {
			isa = PBXProject;
			attributes = {
				LastSwiftUpdateCheck = 1140;
				LastUpgradeCheck = 1140;
				ORGANIZATIONNAME = "Alejandro Gonzalez";
				TargetAttributes = {
					0AA49F4B24AC340100E234D6 = {
						CreatedOnToolsVersion = 11.4.1;
					};
					0AA49F6124AC340700E234D6 = {
						CreatedOnToolsVersion = 11.4.1;
						TestTargetID = 0AA49F4B24AC340100E234D6;
					};
					0AA49F6C24AC340700E234D6 = {
						CreatedOnToolsVersion = 11.4.1;
						TestTargetID = 0AA49F4B24AC340100E234D6;
					};
				};
			};
			buildConfigurationList = 0AA49F4724AC340100E234D6 /* Build configuration list for PBXProject "Nasa" */;
			compatibilityVersion = "Xcode 9.3";
			developmentRegion = en;
			hasScannedForEncodings = 0;
			knownRegions = (
				en,
				Base,
			);
			mainGroup = 0AA49F4324AC340100E234D6;
			productRefGroup = 0AA49F4D24AC340100E234D6 /* Products */;
			projectDirPath = "";
			projectRoot = "";
			targets = (
				0AA49F4B24AC340100E234D6 /* Nasa */,
				0AA49F6124AC340700E234D6 /* NasaTests */,
				0AA49F6C24AC340700E234D6 /* NasaUITests */,
			);
		};
/* End PBXProject section */

/* Begin PBXResourcesBuildPhase section */
		0AA49F4A24AC340100E234D6 /* Resources */ = {
			isa = PBXResourcesBuildPhase;
			buildActionMask = 2147483647;
			files = (
				0AA49F8024AC367F00E234D6 /* .gitignore in Resources */,
				0AA49F5C24AC340600E234D6 /* LaunchScreen.storyboard in Resources */,
				0AA49FA424AC649500E234D6 /* Copies.strings in Resources */,
				0AA49F5924AC340600E234D6 /* Preview Assets.xcassets in Resources */,
				0AA49F5624AC340600E234D6 /* Assets.xcassets in Resources */,
			);
			runOnlyForDeploymentPostprocessing = 0;
		};
		0AA49F6024AC340700E234D6 /* Resources */ = {
			isa = PBXResourcesBuildPhase;
			buildActionMask = 2147483647;
			files = (
			);
			runOnlyForDeploymentPostprocessing = 0;
		};
		0AA49F6B24AC340700E234D6 /* Resources */ = {
			isa = PBXResourcesBuildPhase;
			buildActionMask = 2147483647;
			files = (
			);
			runOnlyForDeploymentPostprocessing = 0;
		};
/* End PBXResourcesBuildPhase section */

/* Begin PBXShellScriptBuildPhase section */
		3E394DA603049147878CBDB6 /* [CP] Check Pods Manifest.lock */ = {
			isa = PBXShellScriptBuildPhase;
			buildActionMask = 2147483647;
			files = (
			);
			inputFileListPaths = (
			);
			inputPaths = (
				"${PODS_PODFILE_DIR_PATH}/Podfile.lock",
				"${PODS_ROOT}/Manifest.lock",
			);
			name = "[CP] Check Pods Manifest.lock";
			outputFileListPaths = (
			);
			outputPaths = (
				"$(DERIVED_FILE_DIR)/Pods-Nasa-checkManifestLockResult.txt",
			);
			runOnlyForDeploymentPostprocessing = 0;
			shellPath = /bin/sh;
			shellScript = "diff \"${PODS_PODFILE_DIR_PATH}/Podfile.lock\" \"${PODS_ROOT}/Manifest.lock\" > /dev/null\nif [ $? != 0 ] ; then\n    # print error to STDERR\n    echo \"error: The sandbox is not in sync with the Podfile.lock. Run 'pod install' or update your CocoaPods installation.\" >&2\n    exit 1\nfi\n# This output is used by Xcode 'outputs' to avoid re-running this script phase.\necho \"SUCCESS\" > \"${SCRIPT_OUTPUT_FILE_0}\"\n";
			showEnvVarsInLog = 0;
		};
		6FE8AADFFCCF04079A71B108 /* [CP] Check Pods Manifest.lock */ = {
			isa = PBXShellScriptBuildPhase;
			buildActionMask = 2147483647;
			files = (
			);
			inputFileListPaths = (
			);
			inputPaths = (
				"${PODS_PODFILE_DIR_PATH}/Podfile.lock",
				"${PODS_ROOT}/Manifest.lock",
			);
			name = "[CP] Check Pods Manifest.lock";
			outputFileListPaths = (
			);
			outputPaths = (
				"$(DERIVED_FILE_DIR)/Pods-Nasa-NasaUITests-checkManifestLockResult.txt",
			);
			runOnlyForDeploymentPostprocessing = 0;
			shellPath = /bin/sh;
			shellScript = "diff \"${PODS_PODFILE_DIR_PATH}/Podfile.lock\" \"${PODS_ROOT}/Manifest.lock\" > /dev/null\nif [ $? != 0 ] ; then\n    # print error to STDERR\n    echo \"error: The sandbox is not in sync with the Podfile.lock. Run 'pod install' or update your CocoaPods installation.\" >&2\n    exit 1\nfi\n# This output is used by Xcode 'outputs' to avoid re-running this script phase.\necho \"SUCCESS\" > \"${SCRIPT_OUTPUT_FILE_0}\"\n";
			showEnvVarsInLog = 0;
		};
		73DAC8FD52C2C83AB81545C8 /* [CP] Embed Pods Frameworks */ = {
			isa = PBXShellScriptBuildPhase;
			buildActionMask = 2147483647;
			files = (
			);
			inputFileListPaths = (
				"${PODS_ROOT}/Target Support Files/Pods-Nasa-NasaUITests/Pods-Nasa-NasaUITests-frameworks-${CONFIGURATION}-input-files.xcfilelist",
			);
			name = "[CP] Embed Pods Frameworks";
			outputFileListPaths = (
				"${PODS_ROOT}/Target Support Files/Pods-Nasa-NasaUITests/Pods-Nasa-NasaUITests-frameworks-${CONFIGURATION}-output-files.xcfilelist",
			);
			runOnlyForDeploymentPostprocessing = 0;
			shellPath = /bin/sh;
			shellScript = "\"${PODS_ROOT}/Target Support Files/Pods-Nasa-NasaUITests/Pods-Nasa-NasaUITests-frameworks.sh\"\n";
			showEnvVarsInLog = 0;
		};
		B29456B9FD9B2E5313C0A5DE /* [CP] Check Pods Manifest.lock */ = {
			isa = PBXShellScriptBuildPhase;
			buildActionMask = 2147483647;
			files = (
			);
			inputFileListPaths = (
			);
			inputPaths = (
				"${PODS_PODFILE_DIR_PATH}/Podfile.lock",
				"${PODS_ROOT}/Manifest.lock",
			);
			name = "[CP] Check Pods Manifest.lock";
			outputFileListPaths = (
			);
			outputPaths = (
				"$(DERIVED_FILE_DIR)/Pods-NasaTests-checkManifestLockResult.txt",
			);
			runOnlyForDeploymentPostprocessing = 0;
			shellPath = /bin/sh;
			shellScript = "diff \"${PODS_PODFILE_DIR_PATH}/Podfile.lock\" \"${PODS_ROOT}/Manifest.lock\" > /dev/null\nif [ $? != 0 ] ; then\n    # print error to STDERR\n    echo \"error: The sandbox is not in sync with the Podfile.lock. Run 'pod install' or update your CocoaPods installation.\" >&2\n    exit 1\nfi\n# This output is used by Xcode 'outputs' to avoid re-running this script phase.\necho \"SUCCESS\" > \"${SCRIPT_OUTPUT_FILE_0}\"\n";
			showEnvVarsInLog = 0;
		};
		CDF63C6251589ACFBB819D48 /* [CP] Embed Pods Frameworks */ = {
			isa = PBXShellScriptBuildPhase;
			buildActionMask = 2147483647;
			files = (
			);
			inputFileListPaths = (
				"${PODS_ROOT}/Target Support Files/Pods-Nasa/Pods-Nasa-frameworks-${CONFIGURATION}-input-files.xcfilelist",
			);
			name = "[CP] Embed Pods Frameworks";
			outputFileListPaths = (
				"${PODS_ROOT}/Target Support Files/Pods-Nasa/Pods-Nasa-frameworks-${CONFIGURATION}-output-files.xcfilelist",
			);
			runOnlyForDeploymentPostprocessing = 0;
			shellPath = /bin/sh;
			shellScript = "\"${PODS_ROOT}/Target Support Files/Pods-Nasa/Pods-Nasa-frameworks.sh\"\n";
			showEnvVarsInLog = 0;
		};
/* End PBXShellScriptBuildPhase section */

/* Begin PBXSourcesBuildPhase section */
		0AA49F4824AC340100E234D6 /* Sources */ = {
			isa = PBXSourcesBuildPhase;
			buildActionMask = 2147483647;
			files = (
				0A50C65724AEA414005DE707 /* DetailViewDelegate.swift in Sources */,
				0AA49F5024AC340100E234D6 /* AppDelegate.swift in Sources */,
				0A50C65324AEA050005DE707 /* Detail.swift in Sources */,
				0AA924CA24B2632E00A617F6 /* DetailView.swift in Sources */,
				0A00A6A924B0C9FD00AD0F73 /* Services.swift in Sources */,
				0AA924CE24B26E1D00A617F6 /* DetailTableView.swift in Sources */,
				0AA924CC24B2669100A617F6 /* TittleHeaderView.swift in Sources */,
				0AA49FA024AC59E600E234D6 /* ViewConfiguration.swift in Sources */,
				0AA49F9524AC44C500E234D6 /* DetailViewController.swift in Sources */,
				0AA49F5224AC340100E234D6 /* SceneDelegate.swift in Sources */,
				0AA924D024B26FA600A617F6 /* DetailTableViewCell.swift in Sources */,
			);
			runOnlyForDeploymentPostprocessing = 0;
		};
		0AA49F5E24AC340700E234D6 /* Sources */ = {
			isa = PBXSourcesBuildPhase;
			buildActionMask = 2147483647;
			files = (
				0AA49F6724AC340700E234D6 /* NasaTests.swift in Sources */,
			);
			runOnlyForDeploymentPostprocessing = 0;
		};
		0AA49F6924AC340700E234D6 /* Sources */ = {
			isa = PBXSourcesBuildPhase;
			buildActionMask = 2147483647;
			files = (
				0AA49F7224AC340700E234D6 /* NasaUITests.swift in Sources */,
			);
			runOnlyForDeploymentPostprocessing = 0;
		};
/* End PBXSourcesBuildPhase section */

/* Begin PBXTargetDependency section */
		0AA49F6424AC340700E234D6 /* PBXTargetDependency */ = {
			isa = PBXTargetDependency;
			target = 0AA49F4B24AC340100E234D6 /* Nasa */;
			targetProxy = 0AA49F6324AC340700E234D6 /* PBXContainerItemProxy */;
		};
		0AA49F6F24AC340700E234D6 /* PBXTargetDependency */ = {
			isa = PBXTargetDependency;
			target = 0AA49F4B24AC340100E234D6 /* Nasa */;
			targetProxy = 0AA49F6E24AC340700E234D6 /* PBXContainerItemProxy */;
		};
/* End PBXTargetDependency section */

/* Begin PBXVariantGroup section */
		0AA49F5A24AC340600E234D6 /* LaunchScreen.storyboard */ = {
			isa = PBXVariantGroup;
			children = (
				0AA49F5B24AC340600E234D6 /* Base */,
			);
			name = LaunchScreen.storyboard;
			sourceTree = "<group>";
		};
/* End PBXVariantGroup section */

/* Begin XCBuildConfiguration section */
		0AA49F7424AC340700E234D6 /* Debug */ = {
			isa = XCBuildConfiguration;
			buildSettings = {
				ALWAYS_SEARCH_USER_PATHS = NO;
				CLANG_ANALYZER_NONNULL = YES;
				CLANG_ANALYZER_NUMBER_OBJECT_CONVERSION = YES_AGGRESSIVE;
				CLANG_CXX_LANGUAGE_STANDARD = "gnu++14";
				CLANG_CXX_LIBRARY = "libc++";
				CLANG_ENABLE_MODULES = YES;
				CLANG_ENABLE_OBJC_ARC = YES;
				CLANG_ENABLE_OBJC_WEAK = YES;
				CLANG_WARN_BLOCK_CAPTURE_AUTORELEASING = YES;
				CLANG_WARN_BOOL_CONVERSION = YES;
				CLANG_WARN_COMMA = YES;
				CLANG_WARN_CONSTANT_CONVERSION = YES;
				CLANG_WARN_DEPRECATED_OBJC_IMPLEMENTATIONS = YES;
				CLANG_WARN_DIRECT_OBJC_ISA_USAGE = YES_ERROR;
				CLANG_WARN_DOCUMENTATION_COMMENTS = YES;
				CLANG_WARN_EMPTY_BODY = YES;
				CLANG_WARN_ENUM_CONVERSION = YES;
				CLANG_WARN_INFINITE_RECURSION = YES;
				CLANG_WARN_INT_CONVERSION = YES;
				CLANG_WARN_NON_LITERAL_NULL_CONVERSION = YES;
				CLANG_WARN_OBJC_IMPLICIT_RETAIN_SELF = YES;
				CLANG_WARN_OBJC_LITERAL_CONVERSION = YES;
				CLANG_WARN_OBJC_ROOT_CLASS = YES_ERROR;
				CLANG_WARN_RANGE_LOOP_ANALYSIS = YES;
				CLANG_WARN_STRICT_PROTOTYPES = YES;
				CLANG_WARN_SUSPICIOUS_MOVE = YES;
				CLANG_WARN_UNGUARDED_AVAILABILITY = YES_AGGRESSIVE;
				CLANG_WARN_UNREACHABLE_CODE = YES;
				CLANG_WARN__DUPLICATE_METHOD_MATCH = YES;
				COPY_PHASE_STRIP = NO;
				DEBUG_INFORMATION_FORMAT = dwarf;
				ENABLE_STRICT_OBJC_MSGSEND = YES;
				ENABLE_TESTABILITY = YES;
				GCC_C_LANGUAGE_STANDARD = gnu11;
				GCC_DYNAMIC_NO_PIC = NO;
				GCC_NO_COMMON_BLOCKS = YES;
				GCC_OPTIMIZATION_LEVEL = 0;
				GCC_PREPROCESSOR_DEFINITIONS = (
					"DEBUG=1",
					"$(inherited)",
				);
				GCC_WARN_64_TO_32_BIT_CONVERSION = YES;
				GCC_WARN_ABOUT_RETURN_TYPE = YES_ERROR;
				GCC_WARN_UNDECLARED_SELECTOR = YES;
				GCC_WARN_UNINITIALIZED_AUTOS = YES_AGGRESSIVE;
				GCC_WARN_UNUSED_FUNCTION = YES;
				GCC_WARN_UNUSED_VARIABLE = YES;
				IPHONEOS_DEPLOYMENT_TARGET = 13.4;
				MTL_ENABLE_DEBUG_INFO = INCLUDE_SOURCE;
				MTL_FAST_MATH = YES;
				ONLY_ACTIVE_ARCH = YES;
				SDKROOT = iphoneos;
				SWIFT_ACTIVE_COMPILATION_CONDITIONS = DEBUG;
				SWIFT_OPTIMIZATION_LEVEL = "-Onone";
			};
			name = Debug;
		};
		0AA49F7524AC340700E234D6 /* Release */ = {
			isa = XCBuildConfiguration;
			buildSettings = {
				ALWAYS_SEARCH_USER_PATHS = NO;
				CLANG_ANALYZER_NONNULL = YES;
				CLANG_ANALYZER_NUMBER_OBJECT_CONVERSION = YES_AGGRESSIVE;
				CLANG_CXX_LANGUAGE_STANDARD = "gnu++14";
				CLANG_CXX_LIBRARY = "libc++";
				CLANG_ENABLE_MODULES = YES;
				CLANG_ENABLE_OBJC_ARC = YES;
				CLANG_ENABLE_OBJC_WEAK = YES;
				CLANG_WARN_BLOCK_CAPTURE_AUTORELEASING = YES;
				CLANG_WARN_BOOL_CONVERSION = YES;
				CLANG_WARN_COMMA = YES;
				CLANG_WARN_CONSTANT_CONVERSION = YES;
				CLANG_WARN_DEPRECATED_OBJC_IMPLEMENTATIONS = YES;
				CLANG_WARN_DIRECT_OBJC_ISA_USAGE = YES_ERROR;
				CLANG_WARN_DOCUMENTATION_COMMENTS = YES;
				CLANG_WARN_EMPTY_BODY = YES;
				CLANG_WARN_ENUM_CONVERSION = YES;
				CLANG_WARN_INFINITE_RECURSION = YES;
				CLANG_WARN_INT_CONVERSION = YES;
				CLANG_WARN_NON_LITERAL_NULL_CONVERSION = YES;
				CLANG_WARN_OBJC_IMPLICIT_RETAIN_SELF = YES;
				CLANG_WARN_OBJC_LITERAL_CONVERSION = YES;
				CLANG_WARN_OBJC_ROOT_CLASS = YES_ERROR;
				CLANG_WARN_RANGE_LOOP_ANALYSIS = YES;
				CLANG_WARN_STRICT_PROTOTYPES = YES;
				CLANG_WARN_SUSPICIOUS_MOVE = YES;
				CLANG_WARN_UNGUARDED_AVAILABILITY = YES_AGGRESSIVE;
				CLANG_WARN_UNREACHABLE_CODE = YES;
				CLANG_WARN__DUPLICATE_METHOD_MATCH = YES;
				COPY_PHASE_STRIP = NO;
				DEBUG_INFORMATION_FORMAT = "dwarf-with-dsym";
				ENABLE_NS_ASSERTIONS = NO;
				ENABLE_STRICT_OBJC_MSGSEND = YES;
				GCC_C_LANGUAGE_STANDARD = gnu11;
				GCC_NO_COMMON_BLOCKS = YES;
				GCC_WARN_64_TO_32_BIT_CONVERSION = YES;
				GCC_WARN_ABOUT_RETURN_TYPE = YES_ERROR;
				GCC_WARN_UNDECLARED_SELECTOR = YES;
				GCC_WARN_UNINITIALIZED_AUTOS = YES_AGGRESSIVE;
				GCC_WARN_UNUSED_FUNCTION = YES;
				GCC_WARN_UNUSED_VARIABLE = YES;
				IPHONEOS_DEPLOYMENT_TARGET = 13.4;
				MTL_ENABLE_DEBUG_INFO = NO;
				MTL_FAST_MATH = YES;
				SDKROOT = iphoneos;
				SWIFT_COMPILATION_MODE = wholemodule;
				SWIFT_OPTIMIZATION_LEVEL = "-O";
				VALIDATE_PRODUCT = YES;
			};
			name = Release;
		};
		0AA49F7724AC340700E234D6 /* Debug */ = {
			isa = XCBuildConfiguration;
			baseConfigurationReference = 644FCA04416F85BD6F935E78 /* Pods-Nasa.debug.xcconfig */;
			buildSettings = {
				ASSETCATALOG_COMPILER_APPICON_NAME = AppIcon;
				CODE_SIGN_STYLE = Automatic;
				DEVELOPMENT_ASSET_PATHS = "\"Nasa/Preview Content\"";
				ENABLE_PREVIEWS = YES;
				INFOPLIST_FILE = Nasa/Info.plist;
				LD_RUNPATH_SEARCH_PATHS = (
					"$(inherited)",
					"@executable_path/Frameworks",
				);
				PRODUCT_BUNDLE_IDENTIFIER = com.co.nasa.app.Nasa;
				PRODUCT_NAME = "$(TARGET_NAME)";
				SWIFT_VERSION = 5.0;
				TARGETED_DEVICE_FAMILY = "1,2";
			};
			name = Debug;
		};
		0AA49F7824AC340700E234D6 /* Release */ = {
			isa = XCBuildConfiguration;
			baseConfigurationReference = 966DDA810F20B9F756D01588 /* Pods-Nasa.release.xcconfig */;
			buildSettings = {
				ASSETCATALOG_COMPILER_APPICON_NAME = AppIcon;
				CODE_SIGN_STYLE = Automatic;
				DEVELOPMENT_ASSET_PATHS = "\"Nasa/Preview Content\"";
				ENABLE_PREVIEWS = YES;
				INFOPLIST_FILE = Nasa/Info.plist;
				LD_RUNPATH_SEARCH_PATHS = (
					"$(inherited)",
					"@executable_path/Frameworks",
				);
				PRODUCT_BUNDLE_IDENTIFIER = com.co.nasa.app.Nasa;
				PRODUCT_NAME = "$(TARGET_NAME)";
				SWIFT_VERSION = 5.0;
				TARGETED_DEVICE_FAMILY = "1,2";
			};
			name = Release;
		};
		0AA49F7A24AC340700E234D6 /* Debug */ = {
			isa = XCBuildConfiguration;
			baseConfigurationReference = 832838CC1D88E44FA44F4888 /* Pods-NasaTests.debug.xcconfig */;
			buildSettings = {
				ALWAYS_EMBED_SWIFT_STANDARD_LIBRARIES = YES;
				BUNDLE_LOADER = "$(TEST_HOST)";
				CODE_SIGN_STYLE = Automatic;
				INFOPLIST_FILE = NasaTests/Info.plist;
				IPHONEOS_DEPLOYMENT_TARGET = 13.4;
				LD_RUNPATH_SEARCH_PATHS = (
					"$(inherited)",
					"@executable_path/Frameworks",
					"@loader_path/Frameworks",
				);
				PRODUCT_BUNDLE_IDENTIFIER = com.co.nasa.app.NasaTests;
				PRODUCT_NAME = "$(TARGET_NAME)";
				SWIFT_VERSION = 5.0;
				TARGETED_DEVICE_FAMILY = "1,2";
				TEST_HOST = "$(BUILT_PRODUCTS_DIR)/Nasa.app/Nasa";
			};
			name = Debug;
		};
		0AA49F7B24AC340700E234D6 /* Release */ = {
			isa = XCBuildConfiguration;
			baseConfigurationReference = CEBF299FA4F474D508055D13 /* Pods-NasaTests.release.xcconfig */;
			buildSettings = {
				ALWAYS_EMBED_SWIFT_STANDARD_LIBRARIES = YES;
				BUNDLE_LOADER = "$(TEST_HOST)";
				CODE_SIGN_STYLE = Automatic;
				INFOPLIST_FILE = NasaTests/Info.plist;
				IPHONEOS_DEPLOYMENT_TARGET = 13.4;
				LD_RUNPATH_SEARCH_PATHS = (
					"$(inherited)",
					"@executable_path/Frameworks",
					"@loader_path/Frameworks",
				);
				PRODUCT_BUNDLE_IDENTIFIER = com.co.nasa.app.NasaTests;
				PRODUCT_NAME = "$(TARGET_NAME)";
				SWIFT_VERSION = 5.0;
				TARGETED_DEVICE_FAMILY = "1,2";
				TEST_HOST = "$(BUILT_PRODUCTS_DIR)/Nasa.app/Nasa";
			};
			name = Release;
		};
		0AA49F7D24AC340700E234D6 /* Debug */ = {
			isa = XCBuildConfiguration;
			baseConfigurationReference = 1E0F15338C4151BAFFD0CD2B /* Pods-Nasa-NasaUITests.debug.xcconfig */;
			buildSettings = {
				ALWAYS_EMBED_SWIFT_STANDARD_LIBRARIES = YES;
				CODE_SIGN_STYLE = Automatic;
				INFOPLIST_FILE = NasaUITests/Info.plist;
				LD_RUNPATH_SEARCH_PATHS = (
					"$(inherited)",
					"@executable_path/Frameworks",
					"@loader_path/Frameworks",
				);
				PRODUCT_BUNDLE_IDENTIFIER = com.co.nasa.app.NasaUITests;
				PRODUCT_NAME = "$(TARGET_NAME)";
				SWIFT_VERSION = 5.0;
				TARGETED_DEVICE_FAMILY = "1,2";
				TEST_TARGET_NAME = Nasa;
			};
			name = Debug;
		};
		0AA49F7E24AC340700E234D6 /* Release */ = {
			isa = XCBuildConfiguration;
			baseConfigurationReference = B932DC5ABDA4D38842D32E49 /* Pods-Nasa-NasaUITests.release.xcconfig */;
			buildSettings = {
				ALWAYS_EMBED_SWIFT_STANDARD_LIBRARIES = YES;
				CODE_SIGN_STYLE = Automatic;
				INFOPLIST_FILE = NasaUITests/Info.plist;
				LD_RUNPATH_SEARCH_PATHS = (
					"$(inherited)",
					"@executable_path/Frameworks",
					"@loader_path/Frameworks",
				);
				PRODUCT_BUNDLE_IDENTIFIER = com.co.nasa.app.NasaUITests;
				PRODUCT_NAME = "$(TARGET_NAME)";
				SWIFT_VERSION = 5.0;
				TARGETED_DEVICE_FAMILY = "1,2";
				TEST_TARGET_NAME = Nasa;
			};
			name = Release;
		};
/* End XCBuildConfiguration section */

/* Begin XCConfigurationList section */
		0AA49F4724AC340100E234D6 /* Build configuration list for PBXProject "Nasa" */ = {
			isa = XCConfigurationList;
			buildConfigurations = (
				0AA49F7424AC340700E234D6 /* Debug */,
				0AA49F7524AC340700E234D6 /* Release */,
			);
			defaultConfigurationIsVisible = 0;
			defaultConfigurationName = Release;
		};
		0AA49F7624AC340700E234D6 /* Build configuration list for PBXNativeTarget "Nasa" */ = {
			isa = XCConfigurationList;
			buildConfigurations = (
				0AA49F7724AC340700E234D6 /* Debug */,
				0AA49F7824AC340700E234D6 /* Release */,
			);
			defaultConfigurationIsVisible = 0;
			defaultConfigurationName = Release;
		};
		0AA49F7924AC340700E234D6 /* Build configuration list for PBXNativeTarget "NasaTests" */ = {
			isa = XCConfigurationList;
			buildConfigurations = (
				0AA49F7A24AC340700E234D6 /* Debug */,
				0AA49F7B24AC340700E234D6 /* Release */,
			);
			defaultConfigurationIsVisible = 0;
			defaultConfigurationName = Release;
		};
		0AA49F7C24AC340700E234D6 /* Build configuration list for PBXNativeTarget "NasaUITests" */ = {
			isa = XCConfigurationList;
			buildConfigurations = (
				0AA49F7D24AC340700E234D6 /* Debug */,
				0AA49F7E24AC340700E234D6 /* Release */,
			);
			defaultConfigurationIsVisible = 0;
			defaultConfigurationName = Release;
		};
/* End XCConfigurationList section */
	};
	rootObject = 0AA49F4424AC340100E234D6 /* Project object */;
}
